{
  "nodes": {
    "flake-parts": {
      "inputs": {
        "nixpkgs-lib": "nixpkgs-lib"
      },
      "locked": {
        "lastModified": 1765835352,
        "narHash": "sha256-XswHlK/Qtjasvhd1nOa1e8MgZ8GS//jBoTqWtrS1Giw=",
        "owner": "hercules-ci",
        "repo": "flake-parts",
        "rev": "a34fae9c08a15ad73f295041fec82323541400a9",
        "type": "github"
      },
      "original": {
        "owner": "hercules-ci",
        "repo": "flake-parts",
        "type": "github"
      }
    },
    "flake-parts_2": {
      "inputs": {
        "nixpkgs-lib": [
          "nixvim",
          "nixpkgs"
        ]
      },
      "locked": {
        "lastModified": 1765495779,
        "narHash": "sha256-MhA7wmo/7uogLxiewwRRmIax70g6q1U/YemqTGoFHlM=",
        "owner": "hercules-ci",
        "repo": "flake-parts",
        "rev": "5635c32d666a59ec9a55cab87e898889869f7b71",
        "type": "github"
      },
      "original": {
        "owner": "hercules-ci",
        "repo": "flake-parts",
        "type": "github"
      }
    },
    "multicursor-nvim": {
      "flake": false,
      "locked": {
        "lastModified": 1765319236,
        "narHash": "sha256-TgQZyvUhID0y74Vd8HPn3IN0MADMwWTg8zliz6E6gfs=",
        "owner": "jake-stewart",
        "repo": "multicursor.nvim",
        "rev": "a0ea3303a6c4b233cf3272fb1e358d4c842e5260",
        "type": "github"
      },
      "original": {
        "owner": "jake-stewart",
        "repo": "multicursor.nvim",
        "type": "github"
      }
    },
    "nixpkgs": {
      "locked": {
        "lastModified": 1765644376,
        "narHash": "sha256-yqHBL2wYGwjGL2GUF2w3tofWl8qO9tZEuI4wSqbCrtE=",
        "owner": "NixOS",
        "repo": "nixpkgs",
        "rev": "23735a82a828372c4ef92c660864e82fbe2f5fbe",
        "type": "github"
      },
      "original": {
        "owner": "NixOS",
        "ref": "nixpkgs-unstable",
        "repo": "nixpkgs",
        "type": "github"
      }
    },
    "nixpkgs-lib": {
      "locked": {
        "lastModified": 1765674936,
        "narHash": "sha256-k00uTP4JNfmejrCLJOwdObYC9jHRrr/5M/a/8L2EIdo=",
        "owner": "nix-community",
        "repo": "nixpkgs.lib",
        "rev": "2075416fcb47225d9b68ac469a5c4801a9c4dd85",
        "type": "github"
      },
      "original": {
        "owner": "nix-community",
        "repo": "nixpkgs.lib",
        "type": "github"
      }
    },
    "nixvim": {
      "inputs": {
        "flake-parts": "flake-parts_2",
        "nixpkgs": "nixpkgs",
        "systems": "systems"
      },
      "locked": {
        "lastModified": 1765841289,
        "narHash": "sha256-LpkgAzXRlh+qxbRGIsSy5kOX1oOzlFlZeOt/QmITg5M=",
        "owner": "nix-community",
        "repo": "nixvim",
        "rev": "bdc41e4133d4b9e2c0d4f85265d7cce889b55743",
        "type": "github"
      },
      "original": {
        "owner": "nix-community",
        "repo": "nixvim",
        "type": "github"
      }
    },
    "root": {
      "inputs": {
        "flake-parts": "flake-parts",
        "multicursor-nvim": "multicursor-nvim",
        "nixpkgs": [
          "nixvim",
          "nixpkgs"
        ],
        "nixvim": "nixvim",
        "tree-sitter-forester": "tree-sitter-forester",
        "treewalker-nvim": "treewalker-nvim",
        "unicode-latex": "unicode-latex",
        "vim-texabbrev": "vim-texabbrev"
      }
    },
    "systems": {
      "locked": {
        "lastModified": 1681028828,
        "narHash": "sha256-Vy1rq5AaRuLzOxct8nz4T6wlgyUR7zLU309k9mBC768=",
        "owner": "nix-systems",
        "repo": "default",
        "rev": "da67096a3b9bf56a91d16901293e51ba5b49a27e",
        "type": "github"
      },
      "original": {
        "owner": "nix-systems",
        "repo": "default",
        "type": "github"
      }
    },
    "tree-sitter-forester": {
      "flake": false,
      "locked": {
        "lastModified": 1733556276,
        "narHash": "sha256-HpDBpPgAe5wm0r4cSd0iXnzfGW02FrfZ6JioS2fWuiM=",
        "owner": "jetjinser",
        "repo": "tree-sitter-forester",
        "rev": "5f094fca1cdf752ad6f72b1f9a6e91904e4d8bc2",
        "type": "github"
      },
      "original": {
        "owner": "jetjinser",
        "ref": "regrammar",
        "repo": "tree-sitter-forester",
        "type": "github"
      }
    },
    "treewalker-nvim": {
      "flake": false,
      "locked": {
        "lastModified": 1765336520,
        "narHash": "sha256-Q8nWVmofemaziJHLa8jxrcONLfEioKxt/3azGNUrMIU=",
        "owner": "aaronik",
        "repo": "treewalker.nvim",
        "rev": "c1028cb50ba61ac21c712fa1a8b7a121cf256512",
        "type": "github"
      },
      "original": {
        "owner": "aaronik",
        "repo": "treewalker.nvim",
        "type": "github"
      }
    },
    "unicode-latex": {
      "flake": false,
      "locked": {
        "lastModified": 1574463287,
        "narHash": "sha256-3Zq+cR877qdXF7YPA/hRPB32KGJRAUaYP0SyVZyhIOs=",
        "owner": "ViktorQvarfordt",
        "repo": "unicode-latex",
        "rev": "07e197af90dd351b4347c72d12af177caae8c090",
        "type": "github"
      },
      "original": {
        "owner": "ViktorQvarfordt",
        "repo": "unicode-latex",
        "type": "github"
      }
    },
    "vim-texabbrev": {
      "flake": false,
      "locked": {
        "lastModified": 1698360572,
        "narHash": "sha256-dE+JvPNtuPhilvH3aasPaSiwll+Q9JVL7uuwlIV2dbY=",
        "owner": "78g",
        "repo": "vim-texabbrev",
        "rev": "747a3b22796139e545c573ef10f8296fcdc6bfca",
        "type": "github"
      },
      "original": {
        "owner": "78g",
        "repo": "vim-texabbrev",
        "type": "github"
      }
    }
  },
  "root": "root",
  "version": 7
}
