{
  "nodes": {
    "flake-parts": {
      "inputs": {
        "nixpkgs-lib": "nixpkgs-lib"
      },
      "locked": {
        "lastModified": 1756770412,
        "narHash": "sha256-+uWLQZccFHwqpGqr2Yt5VsW/PbeJVTn9Dk6SHWhNRPw=",
        "owner": "hercules-ci",
        "repo": "flake-parts",
        "rev": "4524271976b625a4a605beefd893f270620fd751",
        "type": "github"
      },
      "original": {
        "owner": "hercules-ci",
        "repo": "flake-parts",
        "type": "github"
      }
    },
    "flake-parts_2": {
      "inputs": {
        "nixpkgs-lib": [
          "nixvim",
          "nixpkgs"
        ]
      },
      "locked": {
        "lastModified": 1756770412,
        "narHash": "sha256-+uWLQZccFHwqpGqr2Yt5VsW/PbeJVTn9Dk6SHWhNRPw=",
        "owner": "hercules-ci",
        "repo": "flake-parts",
        "rev": "4524271976b625a4a605beefd893f270620fd751",
        "type": "github"
      },
      "original": {
        "owner": "hercules-ci",
        "repo": "flake-parts",
        "type": "github"
      }
    },
    "flake-utils": {
      "inputs": {
        "systems": "systems"
      },
      "locked": {
        "lastModified": 1731533236,
        "narHash": "sha256-l0KFg5HjrsfsO/JpG+r7fRrqm12kzFHyUHqHCVpMMbI=",
        "owner": "numtide",
        "repo": "flake-utils",
        "rev": "11707dc2f618dd54ca8739b309ec4fc024de578b",
        "type": "github"
      },
      "original": {
        "owner": "numtide",
        "repo": "flake-utils",
        "type": "github"
      }
    },
    "ixx": {
      "inputs": {
        "flake-utils": [
          "nixvim",
          "nuschtosSearch",
          "flake-utils"
        ],
        "nixpkgs": [
          "nixvim",
          "nuschtosSearch",
          "nixpkgs"
        ]
      },
      "locked": {
        "lastModified": 1754860581,
        "narHash": "sha256-EM0IE63OHxXCOpDHXaTyHIOk2cNvMCGPqLt/IdtVxgk=",
        "owner": "NuschtOS",
        "repo": "ixx",
        "rev": "babfe85a876162c4acc9ab6fb4483df88fa1f281",
        "type": "github"
      },
      "original": {
        "owner": "NuschtOS",
        "ref": "v0.1.1",
        "repo": "ixx",
        "type": "github"
      }
    },
    "multicursor-nvim": {
      "flake": false,
      "locked": {
        "lastModified": 1757904054,
        "narHash": "sha256-tDS+czj405CsdJJ4tzQc/RyLwLGlYExikTRSkXuU8GQ=",
        "owner": "jake-stewart",
        "repo": "multicursor.nvim",
        "rev": "ffe2e402e85150516d096842f7be99fd1321a72b",
        "type": "github"
      },
      "original": {
        "owner": "jake-stewart",
        "repo": "multicursor.nvim",
        "type": "github"
      }
    },
    "nixpkgs": {
      "locked": {
        "lastModified": 1758701979,
        "narHash": "sha256-c7DUti3XM1aga8oVgaPnrVmEeCFtN9PaBxyNuqx8jPc=",
        "owner": "NixOS",
        "repo": "nixpkgs",
        "rev": "e2642aa7d5a15eae586932a56f4294934f959c14",
        "type": "github"
      },
      "original": {
        "owner": "NixOS",
        "ref": "nixpkgs-unstable",
        "repo": "nixpkgs",
        "type": "github"
      }
    },
    "nixpkgs-lib": {
      "locked": {
        "lastModified": 1754788789,
        "narHash": "sha256-x2rJ+Ovzq0sCMpgfgGaaqgBSwY+LST+WbZ6TytnT9Rk=",
        "owner": "nix-community",
        "repo": "nixpkgs.lib",
        "rev": "a73b9c743612e4244d865a2fdee11865283c04e6",
        "type": "github"
      },
      "original": {
        "owner": "nix-community",
        "repo": "nixpkgs.lib",
        "type": "github"
      }
    },
    "nixvim": {
      "inputs": {
        "flake-parts": "flake-parts_2",
        "nixpkgs": "nixpkgs",
        "nuschtosSearch": "nuschtosSearch",
        "systems": "systems_2"
      },
      "locked": {
        "lastModified": 1758834902,
        "narHash": "sha256-Pt7YS5qKMdh6gU0NP6+7qfe/TFlgjo2gnOSmF9fLQ9A=",
        "owner": "nix-community",
        "repo": "nixvim",
        "rev": "da7b983a29ffb8a390a4be7dfd643467c63543bf",
        "type": "github"
      },
      "original": {
        "owner": "nix-community",
        "repo": "nixvim",
        "type": "github"
      }
    },
    "nuschtosSearch": {
      "inputs": {
        "flake-utils": "flake-utils",
        "ixx": "ixx",
        "nixpkgs": [
          "nixvim",
          "nixpkgs"
        ]
      },
      "locked": {
        "lastModified": 1758662783,
        "narHash": "sha256-igrxT+/MnmcftPOHEb+XDwAMq3Xg1Xy7kVYQaHhPlAg=",
        "owner": "NuschtOS",
        "repo": "search",
        "rev": "7d4c0fc4ffe3bd64e5630417162e9e04e64b27a4",
        "type": "github"
      },
      "original": {
        "owner": "NuschtOS",
        "repo": "search",
        "type": "github"
      }
    },
    "root": {
      "inputs": {
        "flake-parts": "flake-parts",
        "multicursor-nvim": "multicursor-nvim",
        "nixpkgs": [
          "nixvim",
          "nixpkgs"
        ],
        "nixvim": "nixvim",
        "tex2uni-nvim": "tex2uni-nvim",
        "tree-sitter-forester": "tree-sitter-forester",
        "treewalker-nvim": "treewalker-nvim"
      }
    },
    "systems": {
      "locked": {
        "lastModified": 1681028828,
        "narHash": "sha256-Vy1rq5AaRuLzOxct8nz4T6wlgyUR7zLU309k9mBC768=",
        "owner": "nix-systems",
        "repo": "default",
        "rev": "da67096a3b9bf56a91d16901293e51ba5b49a27e",
        "type": "github"
      },
      "original": {
        "owner": "nix-systems",
        "repo": "default",
        "type": "github"
      }
    },
    "systems_2": {
      "locked": {
        "lastModified": 1681028828,
        "narHash": "sha256-Vy1rq5AaRuLzOxct8nz4T6wlgyUR7zLU309k9mBC768=",
        "owner": "nix-systems",
        "repo": "default",
        "rev": "da67096a3b9bf56a91d16901293e51ba5b49a27e",
        "type": "github"
      },
      "original": {
        "owner": "nix-systems",
        "repo": "default",
        "type": "github"
      }
    },
    "tex2uni-nvim": {
      "flake": false,
      "locked": {
        "lastModified": 1742259929,
        "narHash": "sha256-AWyqBIrsJ0xRaJ8xsFPUCch7dhFilSoAKH571Oxr5Ww=",
        "owner": "Zeta611",
        "repo": "tex2uni.nvim",
        "rev": "1ab909c64cde8db9227b51d9596e5d75af9fc77c",
        "type": "github"
      },
      "original": {
        "owner": "Zeta611",
        "repo": "tex2uni.nvim",
        "type": "github"
      }
    },
    "tree-sitter-forester": {
      "flake": false,
      "locked": {
        "lastModified": 1733556276,
        "narHash": "sha256-HpDBpPgAe5wm0r4cSd0iXnzfGW02FrfZ6JioS2fWuiM=",
        "owner": "jetjinser",
        "repo": "tree-sitter-forester",
        "rev": "5f094fca1cdf752ad6f72b1f9a6e91904e4d8bc2",
        "type": "github"
      },
      "original": {
        "owner": "jetjinser",
        "ref": "regrammar",
        "repo": "tree-sitter-forester",
        "type": "github"
      }
    },
    "treewalker-nvim": {
      "flake": false,
      "locked": {
        "lastModified": 1758440970,
        "narHash": "sha256-qC5CT98cxdxJZlznULr8z2BMQ3mOCSxezb2wY7lJavI=",
        "owner": "aaronik",
        "repo": "treewalker.nvim",
        "rev": "51aedba5d460e777a1427a9a218aa6ca8bbbe66b",
        "type": "github"
      },
      "original": {
        "owner": "aaronik",
        "repo": "treewalker.nvim",
        "type": "github"
      }
    }
  },
  "root": "root",
  "version": 7
}
