{
  "nodes": {
    "flake-parts": {
      "inputs": {
        "nixpkgs-lib": "nixpkgs-lib"
      },
      "locked": {
        "lastModified": 1765835352,
        "narHash": "sha256-XswHlK/Qtjasvhd1nOa1e8MgZ8GS//jBoTqWtrS1Giw=",
        "owner": "hercules-ci",
        "repo": "flake-parts",
        "rev": "a34fae9c08a15ad73f295041fec82323541400a9",
        "type": "github"
      },
      "original": {
        "owner": "hercules-ci",
        "repo": "flake-parts",
        "type": "github"
      }
    },
    "flake-parts_2": {
      "inputs": {
        "nixpkgs-lib": [
          "nixvim",
          "nixpkgs"
        ]
      },
      "locked": {
        "lastModified": 1765835352,
        "narHash": "sha256-XswHlK/Qtjasvhd1nOa1e8MgZ8GS//jBoTqWtrS1Giw=",
        "owner": "hercules-ci",
        "repo": "flake-parts",
        "rev": "a34fae9c08a15ad73f295041fec82323541400a9",
        "type": "github"
      },
      "original": {
        "owner": "hercules-ci",
        "repo": "flake-parts",
        "type": "github"
      }
    },
    "multicursor-nvim": {
      "flake": false,
      "locked": {
        "lastModified": 1766406880,
        "narHash": "sha256-0/IVK3USgfF+k6+G+iTaTksYvJYrPnsob4e1xhLnvHM=",
        "owner": "jake-stewart",
        "repo": "multicursor.nvim",
        "rev": "c982cc8375f062e9f98e96a408e0f7ad0c80d4db",
        "type": "github"
      },
      "original": {
        "owner": "jake-stewart",
        "repo": "multicursor.nvim",
        "type": "github"
      }
    },
    "nixpkgs": {
      "locked": {
        "lastModified": 1767026758,
        "narHash": "sha256-7fsac/f7nh/VaKJ/qm3I338+wAJa/3J57cOGpXi0Sbg=",
        "owner": "NixOS",
        "repo": "nixpkgs",
        "rev": "346dd96ad74dc4457a9db9de4f4f57dab2e5731d",
        "type": "github"
      },
      "original": {
        "owner": "NixOS",
        "ref": "nixpkgs-unstable",
        "repo": "nixpkgs",
        "type": "github"
      }
    },
    "nixpkgs-lib": {
      "locked": {
        "lastModified": 1765674936,
        "narHash": "sha256-k00uTP4JNfmejrCLJOwdObYC9jHRrr/5M/a/8L2EIdo=",
        "owner": "nix-community",
        "repo": "nixpkgs.lib",
        "rev": "2075416fcb47225d9b68ac469a5c4801a9c4dd85",
        "type": "github"
      },
      "original": {
        "owner": "nix-community",
        "repo": "nixpkgs.lib",
        "type": "github"
      }
    },
    "nixvim": {
      "inputs": {
        "flake-parts": "flake-parts_2",
        "nixpkgs": "nixpkgs",
        "systems": "systems"
      },
      "locked": {
        "lastModified": 1767185101,
        "narHash": "sha256-gyNczVfQMoi+OQghxBik6wx8XLsCelok9SMl1bMLUoc=",
        "owner": "nix-community",
        "repo": "nixvim",
        "rev": "df9d3637e80b98c5b937fc73a465d0eea2c3aa88",
        "type": "github"
      },
      "original": {
        "owner": "nix-community",
        "repo": "nixvim",
        "type": "github"
      }
    },
    "root": {
      "inputs": {
        "flake-parts": "flake-parts",
        "multicursor-nvim": "multicursor-nvim",
        "nixpkgs": [
          "nixvim",
          "nixpkgs"
        ],
        "nixvim": "nixvim",
        "tree-sitter-forester": "tree-sitter-forester",
        "treewalker-nvim": "treewalker-nvim",
        "unicode-latex": "unicode-latex",
        "vim-texabbrev": "vim-texabbrev"
      }
    },
    "systems": {
      "locked": {
        "lastModified": 1681028828,
        "narHash": "sha256-Vy1rq5AaRuLzOxct8nz4T6wlgyUR7zLU309k9mBC768=",
        "owner": "nix-systems",
        "repo": "default",
        "rev": "da67096a3b9bf56a91d16901293e51ba5b49a27e",
        "type": "github"
      },
      "original": {
        "owner": "nix-systems",
        "repo": "default",
        "type": "github"
      }
    },
    "tree-sitter-forester": {
      "flake": false,
      "locked": {
        "lastModified": 1733556276,
        "narHash": "sha256-HpDBpPgAe5wm0r4cSd0iXnzfGW02FrfZ6JioS2fWuiM=",
        "owner": "jetjinser",
        "repo": "tree-sitter-forester",
        "rev": "5f094fca1cdf752ad6f72b1f9a6e91904e4d8bc2",
        "type": "github"
      },
      "original": {
        "owner": "jetjinser",
        "ref": "regrammar",
        "repo": "tree-sitter-forester",
        "type": "github"
      }
    },
    "treewalker-nvim": {
      "flake": false,
      "locked": {
        "lastModified": 1766892367,
        "narHash": "sha256-no0GhR12ryvDRGhcB8P+YA1sCi8qbiESnczr7rJl6gA=",
        "owner": "aaronik",
        "repo": "treewalker.nvim",
        "rev": "3d5148e160ed9728b3275d37d06ea028cef5f43b",
        "type": "github"
      },
      "original": {
        "owner": "aaronik",
        "repo": "treewalker.nvim",
        "type": "github"
      }
    },
    "unicode-latex": {
      "flake": false,
      "locked": {
        "lastModified": 1574463287,
        "narHash": "sha256-3Zq+cR877qdXF7YPA/hRPB32KGJRAUaYP0SyVZyhIOs=",
        "owner": "ViktorQvarfordt",
        "repo": "unicode-latex",
        "rev": "07e197af90dd351b4347c72d12af177caae8c090",
        "type": "github"
      },
      "original": {
        "owner": "ViktorQvarfordt",
        "repo": "unicode-latex",
        "type": "github"
      }
    },
    "vim-texabbrev": {
      "flake": false,
      "locked": {
        "lastModified": 1698360572,
        "narHash": "sha256-dE+JvPNtuPhilvH3aasPaSiwll+Q9JVL7uuwlIV2dbY=",
        "owner": "78g",
        "repo": "vim-texabbrev",
        "rev": "747a3b22796139e545c573ef10f8296fcdc6bfca",
        "type": "github"
      },
      "original": {
        "owner": "78g",
        "repo": "vim-texabbrev",
        "type": "github"
      }
    }
  },
  "root": "root",
  "version": 7
}
